// !$*UTF8*$!
{
	archiveVersion = 1;
	classes = {
	};
	objectVersion = 50;
	objects = {

/* Begin PBXBuildFile section */
		0A13CF6720C644E70071F0D9 /* AppDelegate.m in Sources */ = {isa = PBXBuildFile; fileRef = 0A13CF6620C644E70071F0D9 /* AppDelegate.m */; };
		0A13CF6F20C644E90071F0D9 /* Assets.xcassets in Resources */ = {isa = PBXBuildFile; fileRef = 0A13CF6E20C644E90071F0D9 /* Assets.xcassets */; };
		0A13CF7220C644E90071F0D9 /* LaunchScreen.storyboard in Resources */ = {isa = PBXBuildFile; fileRef = 0A13CF7020C644E90071F0D9 /* LaunchScreen.storyboard */; };
		0A13CF7520C644E90071F0D9 /* main.m in Sources */ = {isa = PBXBuildFile; fileRef = 0A13CF7420C644E90071F0D9 /* main.m */; };
		0A13CF7E20C6453D0071F0D9 /* RootVC.m in Sources */ = {isa = PBXBuildFile; fileRef = 0A13CF7D20C6453D0071F0D9 /* RootVC.m */; };
		0A13CF8220C645780071F0D9 /* BaseNavigationController.m in Sources */ = {isa = PBXBuildFile; fileRef = 0A13CF8120C645780071F0D9 /* BaseNavigationController.m */; };
		0A13CF8520C645AC0071F0D9 /* BaseTabBarController.m in Sources */ = {isa = PBXBuildFile; fileRef = 0A13CF8420C645AC0071F0D9 /* BaseTabBarController.m */; };
		0A13CF8C20C6FB5D0071F0D9 /* DatabaseTool.m in Sources */ = {isa = PBXBuildFile; fileRef = 0A13CF8B20C6FB5D0071F0D9 /* DatabaseTool.m */; };
		0A36F13F21A24E4000BBA9F1 /* BKBanner.m in Sources */ = {isa = PBXBuildFile; fileRef = 0A36F13E21A24E4000BBA9F1 /* BKBanner.m */; };
		0A36F14221A24E5500BBA9F1 /* BKBannerModel.m in Sources */ = {isa = PBXBuildFile; fileRef = 0A36F14121A24E5500BBA9F1 /* BKBannerModel.m */; };
		0A36F14621A2885B00BBA9F1 /* BKBannerCell.m in Sources */ = {isa = PBXBuildFile; fileRef = 0A36F14521A2885B00BBA9F1 /* BKBannerCell.m */; };
		0A3A5B3F2196AFCD009526F0 /* UIView+Utility.m in Sources */ = {isa = PBXBuildFile; fileRef = 0A3A5B3E2196AFCD009526F0 /* UIView+Utility.m */; };
		0A3A5B462196B3C3009526F0 /* NSString+MD5.m in Sources */ = {isa = PBXBuildFile; fileRef = 0A3A5B452196B3C3009526F0 /* NSString+MD5.m */; };
		0A3A5B4B2196B4AA009526F0 /* NSString+Size.m in Sources */ = {isa = PBXBuildFile; fileRef = 0A3A5B4A2196B4AA009526F0 /* NSString+Size.m */; };
		0A3A5B4F2196B6B8009526F0 /* NSString+Date.m in Sources */ = {isa = PBXBuildFile; fileRef = 0A3A5B4E2196B6B8009526F0 /* NSString+Date.m */; };
		0A3A5B552196B966009526F0 /* Dispatcher.m in Sources */ = {isa = PBXBuildFile; fileRef = 0A3A5B542196B966009526F0 /* Dispatcher.m */; };
		0A3A5B582196B97B009526F0 /* AppJsonTool.m in Sources */ = {isa = PBXBuildFile; fileRef = 0A3A5B572196B97B009526F0 /* AppJsonTool.m */; };
		0A3A5B5B2196BA28009526F0 /* DispatcherManager.m in Sources */ = {isa = PBXBuildFile; fileRef = 0A3A5B592196BA28009526F0 /* DispatcherManager.m */; };
		0A3A5B642196BFE5009526F0 /* AppBaseVC.m in Sources */ = {isa = PBXBuildFile; fileRef = 0A3A5B632196BFE5009526F0 /* AppBaseVC.m */; };
		0A437806219916C1001B5464 /* UIImage+Cornor.m in Sources */ = {isa = PBXBuildFile; fileRef = 0A43780321991599001B5464 /* UIImage+Cornor.m */; };
		0A43780F219949AC001B5464 /* BKBaseRequest.m in Sources */ = {isa = PBXBuildFile; fileRef = 0A43780E219949AC001B5464 /* BKBaseRequest.m */; };
		0A437812219949C8001B5464 /* BKRequest.m in Sources */ = {isa = PBXBuildFile; fileRef = 0A437811219949C8001B5464 /* BKRequest.m */; };
		0A43781521994E0B001B5464 /* BKNetworkAgent.m in Sources */ = {isa = PBXBuildFile; fileRef = 0A43781421994E0B001B5464 /* BKNetworkAgent.m */; };
		0A45E697210AE2FA0061BA14 /* NSObject+Runtime.m in Sources */ = {isa = PBXBuildFile; fileRef = 0A45E696210AE2FA0061BA14 /* NSObject+Runtime.m */; };
		0A45E69A210B29930061BA14 /* UIControl+Statics.m in Sources */ = {isa = PBXBuildFile; fileRef = 0A45E699210B29930061BA14 /* UIControl+Statics.m */; };
		0A45E69F210C197E0061BA14 /* UIGestureRecognizer+Statics.m in Sources */ = {isa = PBXBuildFile; fileRef = 0A45E69E210C197E0061BA14 /* UIGestureRecognizer+Statics.m */; };
		0A647CFD21B69DF200D82C3D /* UIButton+Position.m in Sources */ = {isa = PBXBuildFile; fileRef = 0A647CFC21B69DF200D82C3D /* UIButton+Position.m */; };
		0A73AFC521990BA9008423C3 /* UIImage+Resize.m in Sources */ = {isa = PBXBuildFile; fileRef = 0A73AFC421990BA9008423C3 /* UIImage+Resize.m */; };
		0A73AFC921990DE9008423C3 /* UIImage+Pure.m in Sources */ = {isa = PBXBuildFile; fileRef = 0A73AFC821990DE9008423C3 /* UIImage+Pure.m */; };
		0A9D30ED219EB8E700D545DD /* BaiDuRequest.m in Sources */ = {isa = PBXBuildFile; fileRef = 0A9D30EC219EB8E700D545DD /* BaiDuRequest.m */; };
		0A9D30F0219EC64600D545DD /* BKChainRequest.m in Sources */ = {isa = PBXBuildFile; fileRef = 0A9D30EF219EC64600D545DD /* BKChainRequest.m */; };
		0A9D30F3219EC65800D545DD /* BKChainRequestAgent.m in Sources */ = {isa = PBXBuildFile; fileRef = 0A9D30F2219EC65800D545DD /* BKChainRequestAgent.m */; };
		0A9DB80B219989BA00C7E156 /* BKResult.m in Sources */ = {isa = PBXBuildFile; fileRef = 0A9DB80A219989BA00C7E156 /* BKResult.m */; };
		0ABAFB25213D8B3E00F8AF0C /* DispatchTestVC.m in Sources */ = {isa = PBXBuildFile; fileRef = 0ABAFB24213D8B3E00F8AF0C /* DispatchTestVC.m */; };
		0AC33DA82149398600A3DFAE /* BKTimer.m in Sources */ = {isa = PBXBuildFile; fileRef = 0AC33DA72149398600A3DFAE /* BKTimer.m */; };
		0ADDC4E1219C38E60025C825 /* BKBatchRequest.m in Sources */ = {isa = PBXBuildFile; fileRef = 0ADDC4E0219C38E60025C825 /* BKBatchRequest.m */; };
		0ADDC4E4219C38FC0025C825 /* BKBatchRequestAgent.m in Sources */ = {isa = PBXBuildFile; fileRef = 0ADDC4E3219C38FC0025C825 /* BKBatchRequestAgent.m */; };
		0AF3A8B3212B2F9E00F46BD5 /* UIView+UIResponder.m in Sources */ = {isa = PBXBuildFile; fileRef = 0AF3A8B2212B2F9E00F46BD5 /* UIView+UIResponder.m */; };
		C43742989EA4141B1A77CCC8 /* libPods-APPTool.a in Frameworks */ = {isa = PBXBuildFile; fileRef = 489F03586AF484002750922B /* libPods-APPTool.a */; };
/* End PBXBuildFile section */

/* Begin PBXFileReference section */
		0A13CF6220C644E70071F0D9 /* APPTool.app */ = {isa = PBXFileReference; explicitFileType = wrapper.application; includeInIndex = 0; path = APPTool.app; sourceTree = BUILT_PRODUCTS_DIR; };
		0A13CF6520C644E70071F0D9 /* AppDelegate.h */ = {isa = PBXFileReference; lastKnownFileType = sourcecode.c.h; path = AppDelegate.h; sourceTree = "<group>"; };
		0A13CF6620C644E70071F0D9 /* AppDelegate.m */ = {isa = PBXFileReference; lastKnownFileType = sourcecode.c.objc; path = AppDelegate.m; sourceTree = "<group>"; };
		0A13CF6E20C644E90071F0D9 /* Assets.xcassets */ = {isa = PBXFileReference; lastKnownFileType = folder.assetcatalog; path = Assets.xcassets; sourceTree = "<group>"; };
		0A13CF7120C644E90071F0D9 /* Base */ = {isa = PBXFileReference; lastKnownFileType = file.storyboard; name = Base; path = Base.lproj/LaunchScreen.storyboard; sourceTree = "<group>"; };
		0A13CF7320C644E90071F0D9 /* Info.plist */ = {isa = PBXFileReference; lastKnownFileType = text.plist.xml; path = Info.plist; sourceTree = "<group>"; };
		0A13CF7420C644E90071F0D9 /* main.m */ = {isa = PBXFileReference; lastKnownFileType = sourcecode.c.objc; path = main.m; sourceTree = "<group>"; };
		0A13CF7C20C6453D0071F0D9 /* RootVC.h */ = {isa = PBXFileReference; lastKnownFileType = sourcecode.c.h; path = RootVC.h; sourceTree = "<group>"; };
		0A13CF7D20C6453D0071F0D9 /* RootVC.m */ = {isa = PBXFileReference; lastKnownFileType = sourcecode.c.objc; path = RootVC.m; sourceTree = "<group>"; };
		0A13CF8020C645780071F0D9 /* BaseNavigationController.h */ = {isa = PBXFileReference; lastKnownFileType = sourcecode.c.h; path = BaseNavigationController.h; sourceTree = "<group>"; };
		0A13CF8120C645780071F0D9 /* BaseNavigationController.m */ = {isa = PBXFileReference; lastKnownFileType = sourcecode.c.objc; path = BaseNavigationController.m; sourceTree = "<group>"; };
		0A13CF8320C645AC0071F0D9 /* BaseTabBarController.h */ = {isa = PBXFileReference; lastKnownFileType = sourcecode.c.h; path = BaseTabBarController.h; sourceTree = "<group>"; };
		0A13CF8420C645AC0071F0D9 /* BaseTabBarController.m */ = {isa = PBXFileReference; lastKnownFileType = sourcecode.c.objc; path = BaseTabBarController.m; sourceTree = "<group>"; };
		0A13CF8A20C6FB5D0071F0D9 /* DatabaseTool.h */ = {isa = PBXFileReference; lastKnownFileType = sourcecode.c.h; path = DatabaseTool.h; sourceTree = "<group>"; };
		0A13CF8B20C6FB5D0071F0D9 /* DatabaseTool.m */ = {isa = PBXFileReference; lastKnownFileType = sourcecode.c.objc; path = DatabaseTool.m; sourceTree = "<group>"; };
		0A13CF9220CABC700071F0D9 /* AppResource.h */ = {isa = PBXFileReference; lastKnownFileType = sourcecode.c.h; path = AppResource.h; sourceTree = "<group>"; };
		0A13CF9320CABEA90071F0D9 /* AppDebug.h */ = {isa = PBXFileReference; lastKnownFileType = sourcecode.c.h; path = AppDebug.h; sourceTree = "<group>"; };
		0A13CF9520CABF210071F0D9 /* AppTool.pch */ = {isa = PBXFileReference; indentWidth = 5; lastKnownFileType = sourcecode.c.h; path = AppTool.pch; sourceTree = "<group>"; };
		0A36F13D21A24E4000BBA9F1 /* BKBanner.h */ = {isa = PBXFileReference; lastKnownFileType = sourcecode.c.h; path = BKBanner.h; sourceTree = "<group>"; };
		0A36F13E21A24E4000BBA9F1 /* BKBanner.m */ = {isa = PBXFileReference; lastKnownFileType = sourcecode.c.objc; path = BKBanner.m; sourceTree = "<group>"; };
		0A36F14021A24E5500BBA9F1 /* BKBannerModel.h */ = {isa = PBXFileReference; lastKnownFileType = sourcecode.c.h; path = BKBannerModel.h; sourceTree = "<group>"; };
		0A36F14121A24E5500BBA9F1 /* BKBannerModel.m */ = {isa = PBXFileReference; lastKnownFileType = sourcecode.c.objc; path = BKBannerModel.m; sourceTree = "<group>"; };
		0A36F14421A2885B00BBA9F1 /* BKBannerCell.h */ = {isa = PBXFileReference; lastKnownFileType = sourcecode.c.h; path = BKBannerCell.h; sourceTree = "<group>"; };
		0A36F14521A2885B00BBA9F1 /* BKBannerCell.m */ = {isa = PBXFileReference; lastKnownFileType = sourcecode.c.objc; path = BKBannerCell.m; sourceTree = "<group>"; };
		0A3A5B3D2196AFCD009526F0 /* UIView+Utility.h */ = {isa = PBXFileReference; lastKnownFileType = sourcecode.c.h; path = "UIView+Utility.h"; sourceTree = "<group>"; };
		0A3A5B3E2196AFCD009526F0 /* UIView+Utility.m */ = {isa = PBXFileReference; lastKnownFileType = sourcecode.c.objc; path = "UIView+Utility.m"; sourceTree = "<group>"; };
		0A3A5B442196B3C3009526F0 /* NSString+MD5.h */ = {isa = PBXFileReference; lastKnownFileType = sourcecode.c.h; path = "NSString+MD5.h"; sourceTree = "<group>"; };
		0A3A5B452196B3C3009526F0 /* NSString+MD5.m */ = {isa = PBXFileReference; lastKnownFileType = sourcecode.c.objc; path = "NSString+MD5.m"; sourceTree = "<group>"; };
		0A3A5B492196B4AA009526F0 /* NSString+Size.h */ = {isa = PBXFileReference; lastKnownFileType = sourcecode.c.h; path = "NSString+Size.h"; sourceTree = "<group>"; };
		0A3A5B4A2196B4AA009526F0 /* NSString+Size.m */ = {isa = PBXFileReference; lastKnownFileType = sourcecode.c.objc; path = "NSString+Size.m"; sourceTree = "<group>"; };
		0A3A5B4D2196B6B8009526F0 /* NSString+Date.h */ = {isa = PBXFileReference; lastKnownFileType = sourcecode.c.h; path = "NSString+Date.h"; sourceTree = "<group>"; };
		0A3A5B4E2196B6B8009526F0 /* NSString+Date.m */ = {isa = PBXFileReference; lastKnownFileType = sourcecode.c.objc; path = "NSString+Date.m"; sourceTree = "<group>"; };
		0A3A5B532196B966009526F0 /* Dispatcher.h */ = {isa = PBXFileReference; lastKnownFileType = sourcecode.c.h; path = Dispatcher.h; sourceTree = "<group>"; };
		0A3A5B542196B966009526F0 /* Dispatcher.m */ = {isa = PBXFileReference; lastKnownFileType = sourcecode.c.objc; path = Dispatcher.m; sourceTree = "<group>"; };
		0A3A5B562196B97B009526F0 /* AppJsonTool.h */ = {isa = PBXFileReference; lastKnownFileType = sourcecode.c.h; path = AppJsonTool.h; sourceTree = "<group>"; };
		0A3A5B572196B97B009526F0 /* AppJsonTool.m */ = {isa = PBXFileReference; lastKnownFileType = sourcecode.c.objc; path = AppJsonTool.m; sourceTree = "<group>"; };
		0A3A5B592196BA28009526F0 /* DispatcherManager.m */ = {isa = PBXFileReference; fileEncoding = 4; lastKnownFileType = sourcecode.c.objc; path = DispatcherManager.m; sourceTree = "<group>"; };
		0A3A5B5A2196BA28009526F0 /* DispatcherManager.h */ = {isa = PBXFileReference; fileEncoding = 4; lastKnownFileType = sourcecode.c.h; path = DispatcherManager.h; sourceTree = "<group>"; };
		0A3A5B5C2196BB9D009526F0 /* AppShareKey.h */ = {isa = PBXFileReference; lastKnownFileType = sourcecode.c.h; path = AppShareKey.h; sourceTree = "<group>"; };
		0A3A5B5D2196BBC1009526F0 /* AppPersonal.h */ = {isa = PBXFileReference; lastKnownFileType = sourcecode.c.h; path = AppPersonal.h; sourceTree = "<group>"; };
		0A3A5B5E2196BBF4009526F0 /* AppAPIDebug.h */ = {isa = PBXFileReference; lastKnownFileType = sourcecode.c.h; path = AppAPIDebug.h; sourceTree = "<group>"; };
		0A3A5B602196BD04009526F0 /* AppEnum.h */ = {isa = PBXFileReference; lastKnownFileType = sourcecode.c.h; path = AppEnum.h; sourceTree = "<group>"; };
		0A3A5B622196BFE5009526F0 /* AppBaseVC.h */ = {isa = PBXFileReference; lastKnownFileType = sourcecode.c.h; path = AppBaseVC.h; sourceTree = "<group>"; };
		0A3A5B632196BFE5009526F0 /* AppBaseVC.m */ = {isa = PBXFileReference; lastKnownFileType = sourcecode.c.objc; path = AppBaseVC.m; sourceTree = "<group>"; };
		0A43780221991599001B5464 /* UIImage+Cornor.h */ = {isa = PBXFileReference; lastKnownFileType = sourcecode.c.h; path = "UIImage+Cornor.h"; sourceTree = "<group>"; };
		0A43780321991599001B5464 /* UIImage+Cornor.m */ = {isa = PBXFileReference; lastKnownFileType = sourcecode.c.objc; path = "UIImage+Cornor.m"; sourceTree = "<group>"; };
		0A43780D219949AC001B5464 /* BKBaseRequest.h */ = {isa = PBXFileReference; lastKnownFileType = sourcecode.c.h; path = BKBaseRequest.h; sourceTree = "<group>"; };
		0A43780E219949AC001B5464 /* BKBaseRequest.m */ = {isa = PBXFileReference; lastKnownFileType = sourcecode.c.objc; path = BKBaseRequest.m; sourceTree = "<group>"; };
		0A437810219949C8001B5464 /* BKRequest.h */ = {isa = PBXFileReference; lastKnownFileType = sourcecode.c.h; path = BKRequest.h; sourceTree = "<group>"; };
		0A437811219949C8001B5464 /* BKRequest.m */ = {isa = PBXFileReference; lastKnownFileType = sourcecode.c.objc; path = BKRequest.m; sourceTree = "<group>"; };
		0A43781321994E0B001B5464 /* BKNetworkAgent.h */ = {isa = PBXFileReference; lastKnownFileType = sourcecode.c.h; path = BKNetworkAgent.h; sourceTree = "<group>"; };
		0A43781421994E0B001B5464 /* BKNetworkAgent.m */ = {isa = PBXFileReference; lastKnownFileType = sourcecode.c.objc; path = BKNetworkAgent.m; sourceTree = "<group>"; wrapsLines = 0; };
		0A45E695210AE2FA0061BA14 /* NSObject+Runtime.h */ = {isa = PBXFileReference; lastKnownFileType = sourcecode.c.h; path = "NSObject+Runtime.h"; sourceTree = "<group>"; };
		0A45E696210AE2FA0061BA14 /* NSObject+Runtime.m */ = {isa = PBXFileReference; lastKnownFileType = sourcecode.c.objc; path = "NSObject+Runtime.m"; sourceTree = "<group>"; };
		0A45E698210B29930061BA14 /* UIControl+Statics.h */ = {isa = PBXFileReference; lastKnownFileType = sourcecode.c.h; path = "UIControl+Statics.h"; sourceTree = "<group>"; };
		0A45E699210B29930061BA14 /* UIControl+Statics.m */ = {isa = PBXFileReference; lastKnownFileType = sourcecode.c.objc; path = "UIControl+Statics.m"; sourceTree = "<group>"; };
		0A45E69D210C197E0061BA14 /* UIGestureRecognizer+Statics.h */ = {isa = PBXFileReference; lastKnownFileType = sourcecode.c.h; path = "UIGestureRecognizer+Statics.h"; sourceTree = "<group>"; };
		0A45E69E210C197E0061BA14 /* UIGestureRecognizer+Statics.m */ = {isa = PBXFileReference; lastKnownFileType = sourcecode.c.objc; path = "UIGestureRecognizer+Statics.m"; sourceTree = "<group>"; };
		0A647CFB21B69DF200D82C3D /* UIButton+Position.h */ = {isa = PBXFileReference; fileEncoding = 4; lastKnownFileType = sourcecode.c.h; path = "UIButton+Position.h"; sourceTree = "<group>"; };
		0A647CFC21B69DF200D82C3D /* UIButton+Position.m */ = {isa = PBXFileReference; fileEncoding = 4; lastKnownFileType = sourcecode.c.objc; path = "UIButton+Position.m"; sourceTree = "<group>"; };
		0A73AFC321990BA9008423C3 /* UIImage+Resize.h */ = {isa = PBXFileReference; lastKnownFileType = sourcecode.c.h; path = "UIImage+Resize.h"; sourceTree = "<group>"; };
		0A73AFC421990BA9008423C3 /* UIImage+Resize.m */ = {isa = PBXFileReference; lastKnownFileType = sourcecode.c.objc; path = "UIImage+Resize.m"; sourceTree = "<group>"; };
		0A73AFC721990DE9008423C3 /* UIImage+Pure.h */ = {isa = PBXFileReference; lastKnownFileType = sourcecode.c.h; path = "UIImage+Pure.h"; sourceTree = "<group>"; };
		0A73AFC821990DE9008423C3 /* UIImage+Pure.m */ = {isa = PBXFileReference; lastKnownFileType = sourcecode.c.objc; path = "UIImage+Pure.m"; sourceTree = "<group>"; };
		0A9D30E9219EAA4D00D545DD /* BKBatchRequest.h */ = {isa = PBXFileReference; fileEncoding = 4; lastKnownFileType = sourcecode.c.h; path = BKBatchRequest.h; sourceTree = "<group>"; };
		0A9D30EB219EB8E700D545DD /* BaiDuRequest.h */ = {isa = PBXFileReference; lastKnownFileType = sourcecode.c.h; path = BaiDuRequest.h; sourceTree = "<group>"; };
		0A9D30EC219EB8E700D545DD /* BaiDuRequest.m */ = {isa = PBXFileReference; lastKnownFileType = sourcecode.c.objc; path = BaiDuRequest.m; sourceTree = "<group>"; };
		0A9D30EE219EC64600D545DD /* BKChainRequest.h */ = {isa = PBXFileReference; lastKnownFileType = sourcecode.c.h; path = BKChainRequest.h; sourceTree = "<group>"; };
		0A9D30EF219EC64600D545DD /* BKChainRequest.m */ = {isa = PBXFileReference; lastKnownFileType = sourcecode.c.objc; path = BKChainRequest.m; sourceTree = "<group>"; };
		0A9D30F1219EC65800D545DD /* BKChainRequestAgent.h */ = {isa = PBXFileReference; lastKnownFileType = sourcecode.c.h; path = BKChainRequestAgent.h; sourceTree = "<group>"; };
		0A9D30F2219EC65800D545DD /* BKChainRequestAgent.m */ = {isa = PBXFileReference; lastKnownFileType = sourcecode.c.objc; path = BKChainRequestAgent.m; sourceTree = "<group>"; };
		0A9DB809219989BA00C7E156 /* BKResult.h */ = {isa = PBXFileReference; lastKnownFileType = sourcecode.c.h; path = BKResult.h; sourceTree = "<group>"; };
		0A9DB80A219989BA00C7E156 /* BKResult.m */ = {isa = PBXFileReference; lastKnownFileType = sourcecode.c.objc; path = BKResult.m; sourceTree = "<group>"; };
		0ABAFB23213D8B3E00F8AF0C /* DispatchTestVC.h */ = {isa = PBXFileReference; lastKnownFileType = sourcecode.c.h; path = DispatchTestVC.h; sourceTree = "<group>"; };
		0ABAFB24213D8B3E00F8AF0C /* DispatchTestVC.m */ = {isa = PBXFileReference; lastKnownFileType = sourcecode.c.objc; path = DispatchTestVC.m; sourceTree = "<group>"; };
		0AC33DA62149398600A3DFAE /* BKTimer.h */ = {isa = PBXFileReference; lastKnownFileType = sourcecode.c.h; path = BKTimer.h; sourceTree = "<group>"; };
		0AC33DA72149398600A3DFAE /* BKTimer.m */ = {isa = PBXFileReference; lastKnownFileType = sourcecode.c.objc; path = BKTimer.m; sourceTree = "<group>"; };
		0ADDC4E0219C38E60025C825 /* BKBatchRequest.m */ = {isa = PBXFileReference; lastKnownFileType = sourcecode.c.objc; path = BKBatchRequest.m; sourceTree = "<group>"; };
		0ADDC4E2219C38FC0025C825 /* BKBatchRequestAgent.h */ = {isa = PBXFileReference; lastKnownFileType = sourcecode.c.h; path = BKBatchRequestAgent.h; sourceTree = "<group>"; };
		0ADDC4E3219C38FC0025C825 /* BKBatchRequestAgent.m */ = {isa = PBXFileReference; lastKnownFileType = sourcecode.c.objc; path = BKBatchRequestAgent.m; sourceTree = "<group>"; };
		0AF3A8B1212B2F9E00F46BD5 /* UIView+UIResponder.h */ = {isa = PBXFileReference; lastKnownFileType = sourcecode.c.h; path = "UIView+UIResponder.h"; sourceTree = "<group>"; };
		0AF3A8B2212B2F9E00F46BD5 /* UIView+UIResponder.m */ = {isa = PBXFileReference; lastKnownFileType = sourcecode.c.objc; path = "UIView+UIResponder.m"; sourceTree = "<group>"; };
		489F03586AF484002750922B /* libPods-APPTool.a */ = {isa = PBXFileReference; explicitFileType = archive.ar; includeInIndex = 0; path = "libPods-APPTool.a"; sourceTree = BUILT_PRODUCTS_DIR; };
		5A03D62366E7E1EDED80B82C /* Pods-APPTool.debug.xcconfig */ = {isa = PBXFileReference; includeInIndex = 1; lastKnownFileType = text.xcconfig; name = "Pods-APPTool.debug.xcconfig"; path = "Pods/Target Support Files/Pods-APPTool/Pods-APPTool.debug.xcconfig"; sourceTree = "<group>"; };
		C6A5894A5D6D2D963D78FD65 /* Pods-APPTool.release.xcconfig */ = {isa = PBXFileReference; includeInIndex = 1; lastKnownFileType = text.xcconfig; name = "Pods-APPTool.release.xcconfig"; path = "Pods/Target Support Files/Pods-APPTool/Pods-APPTool.release.xcconfig"; sourceTree = "<group>"; };
/* End PBXFileReference section */

/* Begin PBXFrameworksBuildPhase section */
		0A13CF5F20C644E70071F0D9 /* Frameworks */ = {
			isa = PBXFrameworksBuildPhase;
			buildActionMask = 2147483647;
			files = (
				C43742989EA4141B1A77CCC8 /* libPods-APPTool.a in Frameworks */,
			);
			runOnlyForDeploymentPostprocessing = 0;
		};
/* End PBXFrameworksBuildPhase section */

/* Begin PBXGroup section */
		03F06457B1BC7581B7FD691B /* Frameworks */ = {
			isa = PBXGroup;
			children = (
				489F03586AF484002750922B /* libPods-APPTool.a */,
			);
			name = Frameworks;
			sourceTree = "<group>";
		};
		0A13CF5920C644E70071F0D9 = {
			isa = PBXGroup;
			children = (
				0A13CF6420C644E70071F0D9 /* APPTool */,
				0A13CF6320C644E70071F0D9 /* Products */,
				35BA72604307A244F983736D /* Pods */,
				03F06457B1BC7581B7FD691B /* Frameworks */,
			);
			sourceTree = "<group>";
		};
		0A13CF6320C644E70071F0D9 /* Products */ = {
			isa = PBXGroup;
			children = (
				0A13CF6220C644E70071F0D9 /* APPTool.app */,
			);
			name = Products;
			sourceTree = "<group>";
		};
		0A13CF6420C644E70071F0D9 /* APPTool */ = {
			isa = PBXGroup;
			children = (
				0A3A5B502196B845009526F0 /* Classes */,
				0A13CF9420CABEFC0071F0D9 /* Header */,
				0A13CF8620C6F9500071F0D9 /* Common */,
				0A13CF7F20C645450071F0D9 /* BaseClass */,
				0A13CF7B20C644F30071F0D9 /* Main */,
				0AF3A8B7213D85A200F46BD5 /* Resource */,
			);
			path = APPTool;
			sourceTree = "<group>";
		};
		0A13CF7B20C644F30071F0D9 /* Main */ = {
			isa = PBXGroup;
			children = (
				0A13CF7420C644E90071F0D9 /* main.m */,
				0A13CF6520C644E70071F0D9 /* AppDelegate.h */,
				0A13CF6620C644E70071F0D9 /* AppDelegate.m */,
				0A13CF7C20C6453D0071F0D9 /* RootVC.h */,
				0A13CF7D20C6453D0071F0D9 /* RootVC.m */,
			);
			path = Main;
			sourceTree = "<group>";
		};
		0A13CF7F20C645450071F0D9 /* BaseClass */ = {
			isa = PBXGroup;
			children = (
				0A13CF8320C645AC0071F0D9 /* BaseTabBarController.h */,
				0A13CF8420C645AC0071F0D9 /* BaseTabBarController.m */,
				0A13CF8020C645780071F0D9 /* BaseNavigationController.h */,
				0A13CF8120C645780071F0D9 /* BaseNavigationController.m */,
				0A3A5B622196BFE5009526F0 /* AppBaseVC.h */,
				0A3A5B632196BFE5009526F0 /* AppBaseVC.m */,
			);
			path = BaseClass;
			sourceTree = "<group>";
		};
		0A13CF8620C6F9500071F0D9 /* Common */ = {
			isa = PBXGroup;
			children = (
				0A43780C2199497E001B5464 /* AppRequest */,
				0A73AFC121990B76008423C3 /* ImageUtitlity */,
				0A3A5B612196BE7E009526F0 /* ViewReleated */,
				0A3A5B5F2196BCE5009526F0 /* Const */,
				0A13CF8E20CAB8540071F0D9 /* Config */,
				0A3A5B522196B945009526F0 /* DispatcherManager */,
				0A3A5B432196B3A0009526F0 /* StringUtility */,
				0AC33DA52149397700A3DFAE /* CustomerTimer */,
				0A45E694210AE2C80061BA14 /* Runtime */,
				0A13CF8D20C6FB620071F0D9 /* Database */,
			);
			path = Common;
			sourceTree = "<group>";
		};
		0A13CF8D20C6FB620071F0D9 /* Database */ = {
			isa = PBXGroup;
			children = (
				0A13CF8A20C6FB5D0071F0D9 /* DatabaseTool.h */,
				0A13CF8B20C6FB5D0071F0D9 /* DatabaseTool.m */,
			);
			path = Database;
			sourceTree = "<group>";
		};
		0A13CF8E20CAB8540071F0D9 /* Config */ = {
			isa = PBXGroup;
			children = (
				0A13CF9220CABC700071F0D9 /* AppResource.h */,
				0A3A5B5E2196BBF4009526F0 /* AppAPIDebug.h */,
				0A13CF9320CABEA90071F0D9 /* AppDebug.h */,
				0A3A5B5C2196BB9D009526F0 /* AppShareKey.h */,
				0A3A5B5D2196BBC1009526F0 /* AppPersonal.h */,
			);
			path = Config;
			sourceTree = "<group>";
		};
		0A13CF9420CABEFC0071F0D9 /* Header */ = {
			isa = PBXGroup;
			children = (
				0A13CF9520CABF210071F0D9 /* AppTool.pch */,
			);
			path = Header;
			sourceTree = "<group>";
		};
		0A3A5B3C2196AFA2009526F0 /* UIViewUtility */ = {
			isa = PBXGroup;
			children = (
				0A3A5B3D2196AFCD009526F0 /* UIView+Utility.h */,
				0A3A5B3E2196AFCD009526F0 /* UIView+Utility.m */,
			);
			path = UIViewUtility;
			sourceTree = "<group>";
		};
		0A3A5B432196B3A0009526F0 /* StringUtility */ = {
			isa = PBXGroup;
			children = (
				0A3A5B4C2196B6AA009526F0 /* Date */,
				0A3A5B482196B491009526F0 /* Size */,
				0A3A5B472196B486009526F0 /* MD5 */,
			);
			path = StringUtility;
			sourceTree = "<group>";
		};
		0A3A5B472196B486009526F0 /* MD5 */ = {
			isa = PBXGroup;
			children = (
				0A3A5B442196B3C3009526F0 /* NSString+MD5.h */,
				0A3A5B452196B3C3009526F0 /* NSString+MD5.m */,
			);
			path = MD5;
			sourceTree = "<group>";
		};
		0A3A5B482196B491009526F0 /* Size */ = {
			isa = PBXGroup;
			children = (
				0A3A5B492196B4AA009526F0 /* NSString+Size.h */,
				0A3A5B4A2196B4AA009526F0 /* NSString+Size.m */,
			);
			path = Size;
			sourceTree = "<group>";
		};
		0A3A5B4C2196B6AA009526F0 /* Date */ = {
			isa = PBXGroup;
			children = (
				0A3A5B4D2196B6B8009526F0 /* NSString+Date.h */,
				0A3A5B4E2196B6B8009526F0 /* NSString+Date.m */,
			);
			path = Date;
			sourceTree = "<group>";
		};
		0A3A5B502196B845009526F0 /* Classes */ = {
			isa = PBXGroup;
			children = (
				0A9D30EA219EB60D00D545DD /* RequestExample */,
				0A3A5B512196B85F009526F0 /* GCDReleatedTest */,
			);
			path = Classes;
			sourceTree = "<group>";
		};
		0A3A5B512196B85F009526F0 /* GCDReleatedTest */ = {
			isa = PBXGroup;
			children = (
				0ABAFB23213D8B3E00F8AF0C /* DispatchTestVC.h */,
				0ABAFB24213D8B3E00F8AF0C /* DispatchTestVC.m */,
			);
			path = GCDReleatedTest;
			sourceTree = "<group>";
		};
		0A3A5B522196B945009526F0 /* DispatcherManager */ = {
			isa = PBXGroup;
			children = (
				0A3A5B532196B966009526F0 /* Dispatcher.h */,
				0A3A5B542196B966009526F0 /* Dispatcher.m */,
				0A3A5B5A2196BA28009526F0 /* DispatcherManager.h */,
				0A3A5B592196BA28009526F0 /* DispatcherManager.m */,
				0A3A5B562196B97B009526F0 /* AppJsonTool.h */,
				0A3A5B572196B97B009526F0 /* AppJsonTool.m */,
			);
			path = DispatcherManager;
			sourceTree = "<group>";
		};
		0A3A5B5F2196BCE5009526F0 /* Const */ = {
			isa = PBXGroup;
			children = (
				0A3A5B602196BD04009526F0 /* AppEnum.h */,
			);
			path = Const;
			sourceTree = "<group>";
		};
		0A3A5B612196BE7E009526F0 /* ViewReleated */ = {
			isa = PBXGroup;
			children = (
				0A647CFA21B69DC300D82C3D /* ButtonPosition */,
				0A3A5BEE2196CBD1009526F0 /* AppBannerView */,
				0A3A5B3C2196AFA2009526F0 /* UIViewUtility */,
			);
			path = ViewReleated;
			sourceTree = "<group>";
		};
		0A3A5BEE2196CBD1009526F0 /* AppBannerView */ = {
			isa = PBXGroup;
			children = (
				0A36F13D21A24E4000BBA9F1 /* BKBanner.h */,
				0A36F13E21A24E4000BBA9F1 /* BKBanner.m */,
				0A36F14421A2885B00BBA9F1 /* BKBannerCell.h */,
				0A36F14521A2885B00BBA9F1 /* BKBannerCell.m */,
				0A36F14021A24E5500BBA9F1 /* BKBannerModel.h */,
				0A36F14121A24E5500BBA9F1 /* BKBannerModel.m */,
			);
			path = AppBannerView;
			sourceTree = "<group>";
		};
		0A43780121991580001B5464 /* Cornor */ = {
			isa = PBXGroup;
			children = (
				0A43780221991599001B5464 /* UIImage+Cornor.h */,
				0A43780321991599001B5464 /* UIImage+Cornor.m */,
			);
			path = Cornor;
			sourceTree = "<group>";
		};
		0A43780C2199497E001B5464 /* AppRequest */ = {
			isa = PBXGroup;
			children = (
				0A437810219949C8001B5464 /* BKRequest.h */,
				0A437811219949C8001B5464 /* BKRequest.m */,
				0A9DB809219989BA00C7E156 /* BKResult.h */,
				0A9DB80A219989BA00C7E156 /* BKResult.m */,
				0A43780D219949AC001B5464 /* BKBaseRequest.h */,
				0A43780E219949AC001B5464 /* BKBaseRequest.m */,
				0A43781321994E0B001B5464 /* BKNetworkAgent.h */,
				0A43781421994E0B001B5464 /* BKNetworkAgent.m */,
				0A9D30EE219EC64600D545DD /* BKChainRequest.h */,
				0A9D30EF219EC64600D545DD /* BKChainRequest.m */,
				0A9D30F1219EC65800D545DD /* BKChainRequestAgent.h */,
				0A9D30F2219EC65800D545DD /* BKChainRequestAgent.m */,
				0A9D30E9219EAA4D00D545DD /* BKBatchRequest.h */,
				0ADDC4E0219C38E60025C825 /* BKBatchRequest.m */,
				0ADDC4E2219C38FC0025C825 /* BKBatchRequestAgent.h */,
				0ADDC4E3219C38FC0025C825 /* BKBatchRequestAgent.m */,
			);
			path = AppRequest;
			sourceTree = "<group>";
		};
		0A45E694210AE2C80061BA14 /* Runtime */ = {
			isa = PBXGroup;
			children = (
				0AF3A8AD212B2EFB00F46BD5 /* Responder */,
				0AF3A8AC212B2A6300F46BD5 /* Base */,
				0A45E69B210B82BD0061BA14 /* Statics */,
			);
			path = Runtime;
			sourceTree = "<group>";
		};
		0A45E69B210B82BD0061BA14 /* Statics */ = {
			isa = PBXGroup;
			children = (
				0A45E698210B29930061BA14 /* UIControl+Statics.h */,
				0A45E699210B29930061BA14 /* UIControl+Statics.m */,
				0A45E69D210C197E0061BA14 /* UIGestureRecognizer+Statics.h */,
				0A45E69E210C197E0061BA14 /* UIGestureRecognizer+Statics.m */,
			);
			path = Statics;
			sourceTree = "<group>";
		};
		0A647CFA21B69DC300D82C3D /* ButtonPosition */ = {
			isa = PBXGroup;
			children = (
				0A647CFB21B69DF200D82C3D /* UIButton+Position.h */,
				0A647CFC21B69DF200D82C3D /* UIButton+Position.m */,
			);
			path = ButtonPosition;
			sourceTree = "<group>";
		};
		0A73AFC121990B76008423C3 /* ImageUtitlity */ = {
			isa = PBXGroup;
			children = (
				0A43780121991580001B5464 /* Cornor */,
				0A73AFC621990C14008423C3 /* Pure */,
				0A73AFC221990B8C008423C3 /* Resize */,
			);
			path = ImageUtitlity;
			sourceTree = "<group>";
		};
		0A73AFC221990B8C008423C3 /* Resize */ = {
			isa = PBXGroup;
			children = (
				0A73AFC321990BA9008423C3 /* UIImage+Resize.h */,
				0A73AFC421990BA9008423C3 /* UIImage+Resize.m */,
			);
			path = Resize;
			sourceTree = "<group>";
		};
		0A73AFC621990C14008423C3 /* Pure */ = {
			isa = PBXGroup;
			children = (
				0A73AFC721990DE9008423C3 /* UIImage+Pure.h */,
				0A73AFC821990DE9008423C3 /* UIImage+Pure.m */,
			);
			path = Pure;
			sourceTree = "<group>";
		};
		0A9D30EA219EB60D00D545DD /* RequestExample */ = {
			isa = PBXGroup;
			children = (
				0A9D30EB219EB8E700D545DD /* BaiDuRequest.h */,
				0A9D30EC219EB8E700D545DD /* BaiDuRequest.m */,
			);
			path = RequestExample;
			sourceTree = "<group>";
		};
		0AC33DA52149397700A3DFAE /* CustomerTimer */ = {
			isa = PBXGroup;
			children = (
				0AC33DA62149398600A3DFAE /* BKTimer.h */,
				0AC33DA72149398600A3DFAE /* BKTimer.m */,
			);
			path = CustomerTimer;
			sourceTree = "<group>";
		};
		0AF3A8AC212B2A6300F46BD5 /* Base */ = {
			isa = PBXGroup;
			children = (
				0A45E695210AE2FA0061BA14 /* NSObject+Runtime.h */,
				0A45E696210AE2FA0061BA14 /* NSObject+Runtime.m */,
			);
			path = Base;
			sourceTree = "<group>";
		};
		0AF3A8AD212B2EFB00F46BD5 /* Responder */ = {
			isa = PBXGroup;
			children = (
				0AF3A8B1212B2F9E00F46BD5 /* UIView+UIResponder.h */,
				0AF3A8B2212B2F9E00F46BD5 /* UIView+UIResponder.m */,
			);
			path = Responder;
			sourceTree = "<group>";
		};
		0AF3A8B7213D85A200F46BD5 /* Resource */ = {
			isa = PBXGroup;
			children = (
				0A13CF6E20C644E90071F0D9 /* Assets.xcassets */,
				0A13CF7020C644E90071F0D9 /* LaunchScreen.storyboard */,
				0A13CF7320C644E90071F0D9 /* Info.plist */,
			);
			path = Resource;
			sourceTree = "<group>";
		};
		35BA72604307A244F983736D /* Pods */ = {
			isa = PBXGroup;
			children = (
				5A03D62366E7E1EDED80B82C /* Pods-APPTool.debug.xcconfig */,
				C6A5894A5D6D2D963D78FD65 /* Pods-APPTool.release.xcconfig */,
			);
			name = Pods;
			sourceTree = "<group>";
		};
/* End PBXGroup section */

/* Begin PBXNativeTarget section */
		0A13CF6120C644E70071F0D9 /* APPTool */ = {
			isa = PBXNativeTarget;
			buildConfigurationList = 0A13CF7820C644E90071F0D9 /* Build configuration list for PBXNativeTarget "APPTool" */;
			buildPhases = (
				D27D86E3A2E602BD9F720784 /* [CP] Check Pods Manifest.lock */,
				0A13CF5E20C644E70071F0D9 /* Sources */,
				0A13CF5F20C644E70071F0D9 /* Frameworks */,
				0A13CF6020C644E70071F0D9 /* Resources */,
			);
			buildRules = (
			);
			dependencies = (
			);
			name = APPTool;
			productName = APPTool;
			productReference = 0A13CF6220C644E70071F0D9 /* APPTool.app */;
			productType = "com.apple.product-type.application";
		};
/* End PBXNativeTarget section */

/* Begin PBXProject section */
		0A13CF5A20C644E70071F0D9 /* Project object */ = {
			isa = PBXProject;
			attributes = {
				LastUpgradeCheck = 0940;
				ORGANIZATIONNAME = "liu gangyi";
				TargetAttributes = {
					0A13CF6120C644E70071F0D9 = {
						CreatedOnToolsVersion = 9.4;
					};
				};
			};
			buildConfigurationList = 0A13CF5D20C644E70071F0D9 /* Build configuration list for PBXProject "APPTool" */;
			compatibilityVersion = "Xcode 9.3";
			developmentRegion = en;
			hasScannedForEncodings = 0;
			knownRegions = (
				en,
				Base,
			);
			mainGroup = 0A13CF5920C644E70071F0D9;
			productRefGroup = 0A13CF6320C644E70071F0D9 /* Products */;
			projectDirPath = "";
			projectRoot = "";
			targets = (
				0A13CF6120C644E70071F0D9 /* APPTool */,
			);
		};
/* End PBXProject section */

/* Begin PBXResourcesBuildPhase section */
		0A13CF6020C644E70071F0D9 /* Resources */ = {
			isa = PBXResourcesBuildPhase;
			buildActionMask = 2147483647;
			files = (
				0A13CF7220C644E90071F0D9 /* LaunchScreen.storyboard in Resources */,
				0A13CF6F20C644E90071F0D9 /* Assets.xcassets in Resources */,
			);
			runOnlyForDeploymentPostprocessing = 0;
		};
/* End PBXResourcesBuildPhase section */

/* Begin PBXShellScriptBuildPhase section */
		D27D86E3A2E602BD9F720784 /* [CP] Check Pods Manifest.lock */ = {
			isa = PBXShellScriptBuildPhase;
			buildActionMask = 2147483647;
			files = (
			);
			inputPaths = (
				"${PODS_PODFILE_DIR_PATH}/Podfile.lock",
				"${PODS_ROOT}/Manifest.lock",
			);
			name = "[CP] Check Pods Manifest.lock";
			outputPaths = (
				"$(DERIVED_FILE_DIR)/Pods-APPTool-checkManifestLockResult.txt",
			);
			runOnlyForDeploymentPostprocessing = 0;
			shellPath = /bin/sh;
			shellScript = "diff \"${PODS_PODFILE_DIR_PATH}/Podfile.lock\" \"${PODS_ROOT}/Manifest.lock\" > /dev/null\nif [ $? != 0 ] ; then\n    # print error to STDERR\n    echo \"error: The sandbox is not in sync with the Podfile.lock. Run 'pod install' or update your CocoaPods installation.\" >&2\n    exit 1\nfi\n# This output is used by Xcode 'outputs' to avoid re-running this script phase.\necho \"SUCCESS\" > \"${SCRIPT_OUTPUT_FILE_0}\"\n";
			showEnvVarsInLog = 0;
		};
/* End PBXShellScriptBuildPhase section */

/* Begin PBXSourcesBuildPhase section */
		0A13CF5E20C644E70071F0D9 /* Sources */ = {
			isa = PBXSourcesBuildPhase;
			buildActionMask = 2147483647;
			files = (
				0A9DB80B219989BA00C7E156 /* BKResult.m in Sources */,
				0A437806219916C1001B5464 /* UIImage+Cornor.m in Sources */,
				0A13CF8C20C6FB5D0071F0D9 /* DatabaseTool.m in Sources */,
				0A73AFC921990DE9008423C3 /* UIImage+Pure.m in Sources */,
				0A3A5B3F2196AFCD009526F0 /* UIView+Utility.m in Sources */,
				0A45E69F210C197E0061BA14 /* UIGestureRecognizer+Statics.m in Sources */,
				0A13CF8520C645AC0071F0D9 /* BaseTabBarController.m in Sources */,
				0A36F14621A2885B00BBA9F1 /* BKBannerCell.m in Sources */,
				0A3A5B4B2196B4AA009526F0 /* NSString+Size.m in Sources */,
				0ADDC4E1219C38E60025C825 /* BKBatchRequest.m in Sources */,
				0A3A5B5B2196BA28009526F0 /* DispatcherManager.m in Sources */,
				0A3A5B582196B97B009526F0 /* AppJsonTool.m in Sources */,
				0A9D30ED219EB8E700D545DD /* BaiDuRequest.m in Sources */,
				0AF3A8B3212B2F9E00F46BD5 /* UIView+UIResponder.m in Sources */,
				0A45E697210AE2FA0061BA14 /* NSObject+Runtime.m in Sources */,
				0ADDC4E4219C38FC0025C825 /* BKBatchRequestAgent.m in Sources */,
				0A3A5B462196B3C3009526F0 /* NSString+MD5.m in Sources */,
				0A45E69A210B29930061BA14 /* UIControl+Statics.m in Sources */,
				0A3A5B642196BFE5009526F0 /* AppBaseVC.m in Sources */,
				0A43781521994E0B001B5464 /* BKNetworkAgent.m in Sources */,
				0A13CF8220C645780071F0D9 /* BaseNavigationController.m in Sources */,
				0AC33DA82149398600A3DFAE /* BKTimer.m in Sources */,
				0A43780F219949AC001B5464 /* BKBaseRequest.m in Sources */,
				0A3A5B4F2196B6B8009526F0 /* NSString+Date.m in Sources */,
				0ABAFB25213D8B3E00F8AF0C /* DispatchTestVC.m in Sources */,
				0A9D30F3219EC65800D545DD /* BKChainRequestAgent.m in Sources */,
				0A13CF7E20C6453D0071F0D9 /* RootVC.m in Sources */,
				0A36F13F21A24E4000BBA9F1 /* BKBanner.m in Sources */,
				0A3A5B552196B966009526F0 /* Dispatcher.m in Sources */,
				0A36F14221A24E5500BBA9F1 /* BKBannerModel.m in Sources */,
				0A13CF7520C644E90071F0D9 /* main.m in Sources */,
				0A13CF6720C644E70071F0D9 /* AppDelegate.m in Sources */,
				0A647CFD21B69DF200D82C3D /* UIButton+Position.m in Sources */,
				0A9D30F0219EC64600D545DD /* BKChainRequest.m in Sources */,
				0A437812219949C8001B5464 /* BKRequest.m in Sources */,
				0A73AFC521990BA9008423C3 /* UIImage+Resize.m in Sources */,
			);
			runOnlyForDeploymentPostprocessing = 0;
		};
/* End PBXSourcesBuildPhase section */

/* Begin PBXVariantGroup section */
		0A13CF7020C644E90071F0D9 /* LaunchScreen.storyboard */ = {
			isa = PBXVariantGroup;
			children = (
				0A13CF7120C644E90071F0D9 /* Base */,
			);
			name = LaunchScreen.storyboard;
			sourceTree = "<group>";
		};
/* End PBXVariantGroup section */

/* Begin XCBuildConfiguration section */
		0A13CF7620C644E90071F0D9 /* Debug */ = {
			isa = XCBuildConfiguration;
			buildSettings = {
				ALWAYS_SEARCH_USER_PATHS = NO;
				CLANG_ANALYZER_NONNULL = YES;
				CLANG_ANALYZER_NUMBER_OBJECT_CONVERSION = YES_AGGRESSIVE;
				CLANG_CXX_LANGUAGE_STANDARD = "gnu++14";
				CLANG_CXX_LIBRARY = "libc++";
				CLANG_ENABLE_MODULES = YES;
				CLANG_ENABLE_OBJC_ARC = YES;
				CLANG_ENABLE_OBJC_WEAK = YES;
				CLANG_WARN_BLOCK_CAPTURE_AUTORELEASING = YES;
				CLANG_WARN_BOOL_CONVERSION = YES;
				CLANG_WARN_COMMA = YES;
				CLANG_WARN_CONSTANT_CONVERSION = YES;
				CLANG_WARN_DEPRECATED_OBJC_IMPLEMENTATIONS = YES;
				CLANG_WARN_DIRECT_OBJC_ISA_USAGE = YES_ERROR;
				CLANG_WARN_DOCUMENTATION_COMMENTS = YES;
				CLANG_WARN_EMPTY_BODY = YES;
				CLANG_WARN_ENUM_CONVERSION = YES;
				CLANG_WARN_INFINITE_RECURSION = YES;
				CLANG_WARN_INT_CONVERSION = YES;
				CLANG_WARN_NON_LITERAL_NULL_CONVERSION = YES;
				CLANG_WARN_OBJC_IMPLICIT_RETAIN_SELF = YES;
				CLANG_WARN_OBJC_LITERAL_CONVERSION = YES;
				CLANG_WARN_OBJC_ROOT_CLASS = YES_ERROR;
				CLANG_WARN_RANGE_LOOP_ANALYSIS = YES;
				CLANG_WARN_STRICT_PROTOTYPES = YES;
				CLANG_WARN_SUSPICIOUS_MOVE = YES;
				CLANG_WARN_UNGUARDED_AVAILABILITY = YES_AGGRESSIVE;
				CLANG_WARN_UNREACHABLE_CODE = YES;
				CLANG_WARN__DUPLICATE_METHOD_MATCH = YES;
				CODE_SIGN_IDENTITY = "iPhone Developer";
				COPY_PHASE_STRIP = NO;
				DEBUG_INFORMATION_FORMAT = dwarf;
				ENABLE_STRICT_OBJC_MSGSEND = YES;
				ENABLE_TESTABILITY = YES;
				GCC_C_LANGUAGE_STANDARD = gnu11;
				GCC_DYNAMIC_NO_PIC = NO;
				GCC_NO_COMMON_BLOCKS = YES;
				GCC_OPTIMIZATION_LEVEL = 0;
				GCC_PREPROCESSOR_DEFINITIONS = (
					"DEBUG=1",
					"$(inherited)",
				);
				GCC_WARN_64_TO_32_BIT_CONVERSION = YES;
				GCC_WARN_ABOUT_RETURN_TYPE = YES_ERROR;
				GCC_WARN_UNDECLARED_SELECTOR = YES;
				GCC_WARN_UNINITIALIZED_AUTOS = YES_AGGRESSIVE;
				GCC_WARN_UNUSED_FUNCTION = YES;
				GCC_WARN_UNUSED_VARIABLE = YES;
				IPHONEOS_DEPLOYMENT_TARGET = 11.4;
				MTL_ENABLE_DEBUG_INFO = YES;
				ONLY_ACTIVE_ARCH = YES;
				SDKROOT = iphoneos;
			};
			name = Debug;
		};
		0A13CF7720C644E90071F0D9 /* Release */ = {
			isa = XCBuildConfiguration;
			buildSettings = {
				ALWAYS_SEARCH_USER_PATHS = NO;
				CLANG_ANALYZER_NONNULL = YES;
				CLANG_ANALYZER_NUMBER_OBJECT_CONVERSION = YES_AGGRESSIVE;
				CLANG_CXX_LANGUAGE_STANDARD = "gnu++14";
				CLANG_CXX_LIBRARY = "libc++";
				CLANG_ENABLE_MODULES = YES;
				CLANG_ENABLE_OBJC_ARC = YES;
				CLANG_ENABLE_OBJC_WEAK = YES;
				CLANG_WARN_BLOCK_CAPTURE_AUTORELEASING = YES;
				CLANG_WARN_BOOL_CONVERSION = YES;
				CLANG_WARN_COMMA = YES;
				CLANG_WARN_CONSTANT_CONVERSION = YES;
				CLANG_WARN_DEPRECATED_OBJC_IMPLEMENTATIONS = YES;
				CLANG_WARN_DIRECT_OBJC_ISA_USAGE = YES_ERROR;
				CLANG_WARN_DOCUMENTATION_COMMENTS = YES;
				CLANG_WARN_EMPTY_BODY = YES;
				CLANG_WARN_ENUM_CONVERSION = YES;
				CLANG_WARN_INFINITE_RECURSION = YES;
				CLANG_WARN_INT_CONVERSION = YES;
				CLANG_WARN_NON_LITERAL_NULL_CONVERSION = YES;
				CLANG_WARN_OBJC_IMPLICIT_RETAIN_SELF = YES;
				CLANG_WARN_OBJC_LITERAL_CONVERSION = YES;
				CLANG_WARN_OBJC_ROOT_CLASS = YES_ERROR;
				CLANG_WARN_RANGE_LOOP_ANALYSIS = YES;
				CLANG_WARN_STRICT_PROTOTYPES = YES;
				CLANG_WARN_SUSPICIOUS_MOVE = YES;
				CLANG_WARN_UNGUARDED_AVAILABILITY = YES_AGGRESSIVE;
				CLANG_WARN_UNREACHABLE_CODE = YES;
				CLANG_WARN__DUPLICATE_METHOD_MATCH = YES;
				CODE_SIGN_IDENTITY = "iPhone Developer";
				COPY_PHASE_STRIP = NO;
				DEBUG_INFORMATION_FORMAT = "dwarf-with-dsym";
				ENABLE_NS_ASSERTIONS = NO;
				ENABLE_STRICT_OBJC_MSGSEND = YES;
				GCC_C_LANGUAGE_STANDARD = gnu11;
				GCC_NO_COMMON_BLOCKS = YES;
				GCC_WARN_64_TO_32_BIT_CONVERSION = YES;
				GCC_WARN_ABOUT_RETURN_TYPE = YES_ERROR;
				GCC_WARN_UNDECLARED_SELECTOR = YES;
				GCC_WARN_UNINITIALIZED_AUTOS = YES_AGGRESSIVE;
				GCC_WARN_UNUSED_FUNCTION = YES;
				GCC_WARN_UNUSED_VARIABLE = YES;
				IPHONEOS_DEPLOYMENT_TARGET = 11.4;
				MTL_ENABLE_DEBUG_INFO = NO;
				SDKROOT = iphoneos;
				VALIDATE_PRODUCT = YES;
			};
			name = Release;
		};
		0A13CF7920C644E90071F0D9 /* Debug */ = {
			isa = XCBuildConfiguration;
			baseConfigurationReference = 5A03D62366E7E1EDED80B82C /* Pods-APPTool.debug.xcconfig */;
			buildSettings = {
				ASSETCATALOG_COMPILER_APPICON_NAME = AppIcon;
				CODE_SIGN_STYLE = Manual;
				DEVELOPMENT_TEAM = X39TD4U746;
				ENABLE_STRICT_OBJC_MSGSEND = NO;
				GCC_PREFIX_HEADER = "${SRCROOT}/APPTool/Header/AppTool.pch";
				INFOPLIST_FILE = APPTool/Resource/Info.plist;
				IPHONEOS_DEPLOYMENT_TARGET = 9.0;
				LD_RUNPATH_SEARCH_PATHS = (
					"$(inherited)",
					"@executable_path/Frameworks",
				);
				PRODUCT_BUNDLE_IDENTIFIER = com.nipaiyi.social;
				PRODUCT_NAME = "$(TARGET_NAME)";
				PROVISIONING_PROFILE_SPECIFIER = "NiPaiYi iPad Provisioning Profile";
				TARGETED_DEVICE_FAMILY = "1,2";
				USER_HEADER_SEARCH_PATHS = "${SRCROOT}/**";
			};
			name = Debug;
		};
		0A13CF7A20C644E90071F0D9 /* Release */ = {
			isa = XCBuildConfiguration;
			baseConfigurationReference = C6A5894A5D6D2D963D78FD65 /* Pods-APPTool.release.xcconfig */;
			buildSettings = {
				ASSETCATALOG_COMPILER_APPICON_NAME = AppIcon;
				CODE_SIGN_STYLE = Manual;
				DEVELOPMENT_TEAM = X39TD4U746;
				ENABLE_STRICT_OBJC_MSGSEND = NO;
				GCC_PREFIX_HEADER = "${SRCROOT}/APPTool/Header/AppTool.pch";
				INFOPLIST_FILE = APPTool/Resource/Info.plist;
				IPHONEOS_DEPLOYMENT_TARGET = 9.0;
				LD_RUNPATH_SEARCH_PATHS = (
					"$(inherited)",
					"@executable_path/Frameworks",
				);
				PRODUCT_BUNDLE_IDENTIFIER = com.nipaiyi.social;
				PRODUCT_NAME = "$(TARGET_NAME)";
				PROVISIONING_PROFILE_SPECIFIER = "NiPaiYi iPad Provisioning Profile";
				TARGETED_DEVICE_FAMILY = "1,2";
				USER_HEADER_SEARCH_PATHS = "${SRCROOT}/**";
			};
			name = Release;
		};
/* End XCBuildConfiguration section */

/* Begin XCConfigurationList section */
		0A13CF5D20C644E70071F0D9 /* Build configuration list for PBXProject "APPTool" */ = {
			isa = XCConfigurationList;
			buildConfigurations = (
				0A13CF7620C644E90071F0D9 /* Debug */,
				0A13CF7720C644E90071F0D9 /* Release */,
			);
			defaultConfigurationIsVisible = 0;
			defaultConfigurationName = Release;
		};
		0A13CF7820C644E90071F0D9 /* Build configuration list for PBXNativeTarget "APPTool" */ = {
			isa = XCConfigurationList;
			buildConfigurations = (
				0A13CF7920C644E90071F0D9 /* Debug */,
				0A13CF7A20C644E90071F0D9 /* Release */,
			);
			defaultConfigurationIsVisible = 0;
			defaultConfigurationName = Release;
		};
/* End XCConfigurationList section */
	};
	rootObject = 0A13CF5A20C644E70071F0D9 /* Project object */;
}
